// !$*UTF8*$!
{
	archiveVersion = 1;
	classes = {
	};
	objectVersion = 46;
	objects = {

/* Begin PBXBuildFile section */
		A49C586A1BCC781F0013F746 /* AppDelegate.swift in Sources */ = {isa = PBXBuildFile; fileRef = A49C58691BCC781F0013F746 /* AppDelegate.swift */; };
		A49C586C1BCC781F0013F746 /* ViewController.swift in Sources */ = {isa = PBXBuildFile; fileRef = A49C586B1BCC781F0013F746 /* ViewController.swift */; };
		A49C586F1BCC781F0013F746 /* Main.storyboard in Resources */ = {isa = PBXBuildFile; fileRef = A49C586D1BCC781F0013F746 /* Main.storyboard */; };
		A49C58711BCC781F0013F746 /* Assets.xcassets in Resources */ = {isa = PBXBuildFile; fileRef = A49C58701BCC781F0013F746 /* Assets.xcassets */; };
		A49C58741BCC781F0013F746 /* LaunchScreen.storyboard in Resources */ = {isa = PBXBuildFile; fileRef = A49C58721BCC781F0013F746 /* LaunchScreen.storyboard */; };
		A49C587F1BCC781F0013F746 /* Conversion_Mobile_AppTests.swift in Sources */ = {isa = PBXBuildFile; fileRef = A49C587E1BCC781F0013F746 /* Conversion_Mobile_AppTests.swift */; };
		A49C588A1BCC781F0013F746 /* Conversion_Mobile_AppUITests.swift in Sources */ = {isa = PBXBuildFile; fileRef = A49C58891BCC781F0013F746 /* Conversion_Mobile_AppUITests.swift */; };
/* End PBXBuildFile section */

/* Begin PBXContainerItemProxy section */
		A49C587B1BCC781F0013F746 /* PBXContainerItemProxy */ = {
			isa = PBXContainerItemProxy;
			containerPortal = A49C585E1BCC781F0013F746 /* Project object */;
			proxyType = 1;
			remoteGlobalIDString = A49C58651BCC781F0013F746;
			remoteInfo = "Conversion Mobile App";
		};
		A49C58861BCC781F0013F746 /* PBXContainerItemProxy */ = {
			isa = PBXContainerItemProxy;
			containerPortal = A49C585E1BCC781F0013F746 /* Project object */;
			proxyType = 1;
			remoteGlobalIDString = A49C58651BCC781F0013F746;
			remoteInfo = "Conversion Mobile App";
		};
/* End PBXContainerItemProxy section */

/* Begin PBXFileReference section */
		A49C58661BCC781F0013F746 /* Conversion Mobile App.app */ = {isa = PBXFileReference; explicitFileType = wrapper.application; includeInIndex = 0; path = "Conversion Mobile App.app"; sourceTree = BUILT_PRODUCTS_DIR; };
		A49C58691BCC781F0013F746 /* AppDelegate.swift */ = {isa = PBXFileReference; lastKnownFileType = sourcecode.swift; path = AppDelegate.swift; sourceTree = "<group>"; };
		A49C586B1BCC781F0013F746 /* ViewController.swift */ = {isa = PBXFileReference; lastKnownFileType = sourcecode.swift; path = ViewController.swift; sourceTree = "<group>"; };
		A49C586E1BCC781F0013F746 /* Base */ = {isa = PBXFileReference; lastKnownFileType = file.storyboard; name = Base; path = Base.lproj/Main.storyboard; sourceTree = "<group>"; };
		A49C58701BCC781F0013F746 /* Assets.xcassets */ = {isa = PBXFileReference; lastKnownFileType = folder.assetcatalog; path = Assets.xcassets; sourceTree = "<group>"; };
		A49C58731BCC781F0013F746 /* Base */ = {isa = PBXFileReference; lastKnownFileType = file.storyboard; name = Base; path = Base.lproj/LaunchScreen.storyboard; sourceTree = "<group>"; };
		A49C58751BCC781F0013F746 /* Info.plist */ = {isa = PBXFileReference; lastKnownFileType = text.plist.xml; path = Info.plist; sourceTree = "<group>"; };
		A49C587A1BCC781F0013F746 /* Conversion Mobile AppTests.xctest */ = {isa = PBXFileReference; explicitFileType = wrapper.cfbundle; includeInIndex = 0; path = "Conversion Mobile AppTests.xctest"; sourceTree = BUILT_PRODUCTS_DIR; };
		A49C587E1BCC781F0013F746 /* Conversion_Mobile_AppTests.swift */ = {isa = PBXFileReference; lastKnownFileType = sourcecode.swift; path = Conversion_Mobile_AppTests.swift; sourceTree = "<group>"; };
		A49C58801BCC781F0013F746 /* Info.plist */ = {isa = PBXFileReference; lastKnownFileType = text.plist.xml; path = Info.plist; sourceTree = "<group>"; };
		A49C58851BCC781F0013F746 /* Conversion Mobile AppUITests.xctest */ = {isa = PBXFileReference; explicitFileType = wrapper.cfbundle; includeInIndex = 0; path = "Conversion Mobile AppUITests.xctest"; sourceTree = BUILT_PRODUCTS_DIR; };
		A49C58891BCC781F0013F746 /* Conversion_Mobile_AppUITests.swift */ = {isa = PBXFileReference; lastKnownFileType = sourcecode.swift; path = Conversion_Mobile_AppUITests.swift; sourceTree = "<group>"; };
		A49C588B1BCC781F0013F746 /* Info.plist */ = {isa = PBXFileReference; lastKnownFileType = text.plist.xml; path = Info.plist; sourceTree = "<group>"; };
/* End PBXFileReference section */

/* Begin PBXFrameworksBuildPhase section */
		A49C58631BCC781F0013F746 /* Frameworks */ = {
			isa = PBXFrameworksBuildPhase;
			buildActionMask = 2147483647;
			files = (
			);
			runOnlyForDeploymentPostprocessing = 0;
		};
		A49C58771BCC781F0013F746 /* Frameworks */ = {
			isa = PBXFrameworksBuildPhase;
			buildActionMask = 2147483647;
			files = (
			);
			runOnlyForDeploymentPostprocessing = 0;
		};
		A49C58821BCC781F0013F746 /* Frameworks */ = {
			isa = PBXFrameworksBuildPhase;
			buildActionMask = 2147483647;
			files = (
			);
			runOnlyForDeploymentPostprocessing = 0;
		};
/* End PBXFrameworksBuildPhase section */

/* Begin PBXGroup section */
		A49C585D1BCC781F0013F746 = {
			isa = PBXGroup;
			children = (
				A49C58681BCC781F0013F746 /* Conversion Mobile App */,
				A49C587D1BCC781F0013F746 /* Conversion Mobile AppTests */,
				A49C58881BCC781F0013F746 /* Conversion Mobile AppUITests */,
				A49C58671BCC781F0013F746 /* Products */,
			);
			sourceTree = "<group>";
		};
		A49C58671BCC781F0013F746 /* Products */ = {
			isa = PBXGroup;
			children = (
				A49C58661BCC781F0013F746 /* Conversion Mobile App.app */,
				A49C587A1BCC781F0013F746 /* Conversion Mobile AppTests.xctest */,
				A49C58851BCC781F0013F746 /* Conversion Mobile AppUITests.xctest */,
			);
			name = Products;
			sourceTree = "<group>";
		};
		A49C58681BCC781F0013F746 /* Conversion Mobile App */ = {
			isa = PBXGroup;
			children = (
				A49C58691BCC781F0013F746 /* AppDelegate.swift */,
				A49C586B1BCC781F0013F746 /* ViewController.swift */,
				A49C586D1BCC781F0013F746 /* Main.storyboard */,
				A49C58701BCC781F0013F746 /* Assets.xcassets */,
				A49C58721BCC781F0013F746 /* LaunchScreen.storyboard */,
				A49C58751BCC781F0013F746 /* Info.plist */,
			);
			path = "Conversion Mobile App";
			sourceTree = "<group>";
		};
		A49C587D1BCC781F0013F746 /* Conversion Mobile AppTests */ = {
			isa = PBXGroup;
			children = (
				A49C587E1BCC781F0013F746 /* Conversion_Mobile_AppTests.swift */,
				A49C58801BCC781F0013F746 /* Info.plist */,
			);
			path = "Conversion Mobile AppTests";
			sourceTree = "<group>";
		};
		A49C58881BCC781F0013F746 /* Conversion Mobile AppUITests */ = {
			isa = PBXGroup;
			children = (
				A49C58891BCC781F0013F746 /* Conversion_Mobile_AppUITests.swift */,
				A49C588B1BCC781F0013F746 /* Info.plist */,
			);
			path = "Conversion Mobile AppUITests";
			sourceTree = "<group>";
		};
/* End PBXGroup section */

/* Begin PBXNativeTarget section */
		A49C58651BCC781F0013F746 /* Conversion Mobile App */ = {
			isa = PBXNativeTarget;
			buildConfigurationList = A49C588E1BCC781F0013F746 /* Build configuration list for PBXNativeTarget "Conversion Mobile App" */;
			buildPhases = (
				A49C58621BCC781F0013F746 /* Sources */,
				A49C58631BCC781F0013F746 /* Frameworks */,
				A49C58641BCC781F0013F746 /* Resources */,
			);
			buildRules = (
			);
			dependencies = (
			);
			name = "Conversion Mobile App";
			productName = "Conversion Mobile App";
			productReference = A49C58661BCC781F0013F746 /* Conversion Mobile App.app */;
			productType = "com.apple.product-type.application";
		};
		A49C58791BCC781F0013F746 /* Conversion Mobile AppTests */ = {
			isa = PBXNativeTarget;
			buildConfigurationList = A49C58911BCC781F0013F746 /* Build configuration list for PBXNativeTarget "Conversion Mobile AppTests" */;
			buildPhases = (
				A49C58761BCC781F0013F746 /* Sources */,
				A49C58771BCC781F0013F746 /* Frameworks */,
				A49C58781BCC781F0013F746 /* Resources */,
			);
			buildRules = (
			);
			dependencies = (
				A49C587C1BCC781F0013F746 /* PBXTargetDependency */,
			);
			name = "Conversion Mobile AppTests";
			productName = "Conversion Mobile AppTests";
			productReference = A49C587A1BCC781F0013F746 /* Conversion Mobile AppTests.xctest */;
			productType = "com.apple.product-type.bundle.unit-test";
		};
		A49C58841BCC781F0013F746 /* Conversion Mobile AppUITests */ = {
			isa = PBXNativeTarget;
			buildConfigurationList = A49C58941BCC781F0013F746 /* Build configuration list for PBXNativeTarget "Conversion Mobile AppUITests" */;
			buildPhases = (
				A49C58811BCC781F0013F746 /* Sources */,
				A49C58821BCC781F0013F746 /* Frameworks */,
				A49C58831BCC781F0013F746 /* Resources */,
			);
			buildRules = (
			);
			dependencies = (
				A49C58871BCC781F0013F746 /* PBXTargetDependency */,
			);
			name = "Conversion Mobile AppUITests";
			productName = "Conversion Mobile AppUITests";
			productReference = A49C58851BCC781F0013F746 /* Conversion Mobile AppUITests.xctest */;
			productType = "com.apple.product-type.bundle.ui-testing";
		};
/* End PBXNativeTarget section */

/* Begin PBXProject section */
		A49C585E1BCC781F0013F746 /* Project object */ = {
			isa = PBXProject;
			attributes = {
				LastUpgradeCheck = 0700;
				ORGANIZATIONNAME = "CSCI3308 Project Team";
				TargetAttributes = {
					A49C58651BCC781F0013F746 = {
						CreatedOnToolsVersion = 7.0.1;
						DevelopmentTeam = 737C4SHWL8;
					};
					A49C58791BCC781F0013F746 = {
						CreatedOnToolsVersion = 7.0.1;
						DevelopmentTeam = 737C4SHWL8;
						TestTargetID = A49C58651BCC781F0013F746;
					};
					A49C58841BCC781F0013F746 = {
						CreatedOnToolsVersion = 7.0.1;
						DevelopmentTeam = 737C4SHWL8;
						TestTargetID = A49C58651BCC781F0013F746;
					};
				};
			};
			buildConfigurationList = A49C58611BCC781F0013F746 /* Build configuration list for PBXProject "Conversion Mobile App" */;
			compatibilityVersion = "Xcode 3.2";
			developmentRegion = English;
			hasScannedForEncodings = 0;
			knownRegions = (
				en,
				Base,
			);
			mainGroup = A49C585D1BCC781F0013F746;
			productRefGroup = A49C58671BCC781F0013F746 /* Products */;
			projectDirPath = "";
			projectRoot = "";
			targets = (
				A49C58651BCC781F0013F746 /* Conversion Mobile App */,
				A49C58791BCC781F0013F746 /* Conversion Mobile AppTests */,
				A49C58841BCC781F0013F746 /* Conversion Mobile AppUITests */,
			);
		};
/* End PBXProject section */

/* Begin PBXResourcesBuildPhase section */
		A49C58641BCC781F0013F746 /* Resources */ = {
			isa = PBXResourcesBuildPhase;
			buildActionMask = 2147483647;
			files = (
				A49C58741BCC781F0013F746 /* LaunchScreen.storyboard in Resources */,
				A49C58711BCC781F0013F746 /* Assets.xcassets in Resources */,
				A49C586F1BCC781F0013F746 /* Main.storyboard in Resources */,
			);
			runOnlyForDeploymentPostprocessing = 0;
		};
		A49C58781BCC781F0013F746 /* Resources */ = {
			isa = PBXResourcesBuildPhase;
			buildActionMask = 2147483647;
			files = (
			);
			runOnlyForDeploymentPostprocessing = 0;
		};
		A49C58831BCC781F0013F746 /* Resources */ = {
			isa = PBXResourcesBuildPhase;
			buildActionMask = 2147483647;
			files = (
			);
			runOnlyForDeploymentPostprocessing = 0;
		};
/* End PBXResourcesBuildPhase section */

/* Begin PBXSourcesBuildPhase section */
		A49C58621BCC781F0013F746 /* Sources */ = {
			isa = PBXSourcesBuildPhase;
			buildActionMask = 2147483647;
			files = (
				A49C586C1BCC781F0013F746 /* ViewController.swift in Sources */,
				A49C586A1BCC781F0013F746 /* AppDelegate.swift in Sources */,
			);
			runOnlyForDeploymentPostprocessing = 0;
		};
		A49C58761BCC781F0013F746 /* Sources */ = {
			isa = PBXSourcesBuildPhase;
			buildActionMask = 2147483647;
			files = (
				A49C587F1BCC781F0013F746 /* Conversion_Mobile_AppTests.swift in Sources */,
			);
			runOnlyForDeploymentPostprocessing = 0;
		};
		A49C58811BCC781F0013F746 /* Sources */ = {
			isa = PBXSourcesBuildPhase;
			buildActionMask = 2147483647;
			files = (
				A49C588A1BCC781F0013F746 /* Conversion_Mobile_AppUITests.swift in Sources */,
			);
			runOnlyForDeploymentPostprocessing = 0;
		};
/* End PBXSourcesBuildPhase section */

/* Begin PBXTargetDependency section */
		A49C587C1BCC781F0013F746 /* PBXTargetDependency */ = {
			isa = PBXTargetDependency;
			target = A49C58651BCC781F0013F746 /* Conversion Mobile App */;
			targetProxy = A49C587B1BCC781F0013F746 /* PBXContainerItemProxy */;
		};
		A49C58871BCC781F0013F746 /* PBXTargetDependency */ = {
			isa = PBXTargetDependency;
			target = A49C58651BCC781F0013F746 /* Conversion Mobile App */;
			targetProxy = A49C58861BCC781F0013F746 /* PBXContainerItemProxy */;
		};
/* End PBXTargetDependency section */

/* Begin PBXVariantGroup section */
		A49C586D1BCC781F0013F746 /* Main.storyboard */ = {
			isa = PBXVariantGroup;
			children = (
				A49C586E1BCC781F0013F746 /* Base */,
			);
			name = Main.storyboard;
			sourceTree = "<group>";
		};
		A49C58721BCC781F0013F746 /* LaunchScreen.storyboard */ = {
			isa = PBXVariantGroup;
			children = (
				A49C58731BCC781F0013F746 /* Base */,
			);
			name = LaunchScreen.storyboard;
			sourceTree = "<group>";
		};
/* End PBXVariantGroup section */

/* Begin XCBuildConfiguration section */
		A49C588C1BCC781F0013F746 /* Debug */ = {
			isa = XCBuildConfiguration;
			buildSettings = {
				ALWAYS_SEARCH_USER_PATHS = NO;
				CLANG_CXX_LANGUAGE_STANDARD = "gnu++0x";
				CLANG_CXX_LIBRARY = "libc++";
				CLANG_ENABLE_MODULES = YES;
				CLANG_ENABLE_OBJC_ARC = YES;
				CLANG_WARN_BOOL_CONVERSION = YES;
				CLANG_WARN_CONSTANT_CONVERSION = YES;
				CLANG_WARN_DIRECT_OBJC_ISA_USAGE = YES_ERROR;
				CLANG_WARN_EMPTY_BODY = YES;
				CLANG_WARN_ENUM_CONVERSION = YES;
				CLANG_WARN_INT_CONVERSION = YES;
				CLANG_WARN_OBJC_ROOT_CLASS = YES_ERROR;
				CLANG_WARN_UNREACHABLE_CODE = YES;
				CLANG_WARN__DUPLICATE_METHOD_MATCH = YES;
				"CODE_SIGN_IDENTITY[sdk=iphoneos*]" = "iPhone Developer";
				COPY_PHASE_STRIP = NO;
				DEBUG_INFORMATION_FORMAT = dwarf;
				ENABLE_STRICT_OBJC_MSGSEND = YES;
				ENABLE_TESTABILITY = YES;
				GCC_C_LANGUAGE_STANDARD = gnu99;
				GCC_DYNAMIC_NO_PIC = NO;
				GCC_NO_COMMON_BLOCKS = YES;
				GCC_OPTIMIZATION_LEVEL = 0;
				GCC_PREPROCESSOR_DEFINITIONS = (
					"DEBUG=1",
					"$(inherited)",
				);
				GCC_WARN_64_TO_32_BIT_CONVERSION = YES;
				GCC_WARN_ABOUT_RETURN_TYPE = YES_ERROR;
				GCC_WARN_UNDECLARED_SELECTOR = YES;
				GCC_WARN_UNINITIALIZED_AUTOS = YES_AGGRESSIVE;
				GCC_WARN_UNUSED_FUNCTION = YES;
				GCC_WARN_UNUSED_VARIABLE = YES;
				IPHONEOS_DEPLOYMENT_TARGET = 9.0;
				MTL_ENABLE_DEBUG_INFO = YES;
				ONLY_ACTIVE_ARCH = YES;
				SDKROOT = iphoneos;
				SWIFT_OPTIMIZATION_LEVEL = "-Onone";
			};
			name = Debug;
		};
		A49C588D1BCC781F0013F746 /* Release */ = {
			isa = XCBuildConfiguration;
			buildSettings = {
				ALWAYS_SEARCH_USER_PATHS = NO;
				CLANG_CXX_LANGUAGE_STANDARD = "gnu++0x";
				CLANG_CXX_LIBRARY = "libc++";
				CLANG_ENABLE_MODULES = YES;
				CLANG_ENABLE_OBJC_ARC = YES;
				CLANG_WARN_BOOL_CONVERSION = YES;
				CLANG_WARN_CONSTANT_CONVERSION = YES;
				CLANG_WARN_DIRECT_OBJC_ISA_USAGE = YES_ERROR;
				CLANG_WARN_EMPTY_BODY = YES;
				CLANG_WARN_ENUM_CONVERSION = YES;
				CLANG_WARN_INT_CONVERSION = YES;
				CLANG_WARN_OBJC_ROOT_CLASS = YES_ERROR;
				CLANG_WARN_UNREACHABLE_CODE = YES;
				CLANG_WARN__DUPLICATE_METHOD_MATCH = YES;
				"CODE_SIGN_IDENTITY[sdk=iphoneos*]" = "iPhone Developer";
				COPY_PHASE_STRIP = NO;
				DEBUG_INFORMATION_FORMAT = "dwarf-with-dsym";
				ENABLE_NS_ASSERTIONS = NO;
				ENABLE_STRICT_OBJC_MSGSEND = YES;
				GCC_C_LANGUAGE_STANDARD = gnu99;
				GCC_NO_COMMON_BLOCKS = YES;
				GCC_WARN_64_TO_32_BIT_CONVERSION = YES;
				GCC_WARN_ABOUT_RETURN_TYPE = YES_ERROR;
				GCC_WARN_UNDECLARED_SELECTOR = YES;
				GCC_WARN_UNINITIALIZED_AUTOS = YES_AGGRESSIVE;
				GCC_WARN_UNUSED_FUNCTION = YES;
				GCC_WARN_UNUSED_VARIABLE = YES;
				IPHONEOS_DEPLOYMENT_TARGET = 9.0;
				MTL_ENABLE_DEBUG_INFO = NO;
				SDKROOT = iphoneos;
				VALIDATE_PRODUCT = YES;
			};
			name = Release;
		};
		A49C588F1BCC781F0013F746 /* Debug */ = {
			isa = XCBuildConfiguration;
			buildSettings = {
				ASSETCATALOG_COMPILER_APPICON_NAME = AppIcon;
				INFOPLIST_FILE = "Conversion Mobile App/Info.plist";
				LD_RUNPATH_SEARCH_PATHS = "$(inherited) @executable_path/Frameworks";
				PRODUCT_BUNDLE_IDENTIFIER = "CSCI3308ProjectTeam.Conversion-Mobile-App";
				PRODUCT_NAME = "$(TARGET_NAME)";
			};
			name = Debug;
		};
		A49C58901BCC781F0013F746 /* Release */ = {
			isa = XCBuildConfiguration;
			buildSettings = {
				ASSETCATALOG_COMPILER_APPICON_NAME = AppIcon;
				INFOPLIST_FILE = "Conversion Mobile App/Info.plist";
				LD_RUNPATH_SEARCH_PATHS = "$(inherited) @executable_path/Frameworks";
				PRODUCT_BUNDLE_IDENTIFIER = "CSCI3308ProjectTeam.Conversion-Mobile-App";
				PRODUCT_NAME = "$(TARGET_NAME)";
			};
			name = Release;
		};
		A49C58921BCC781F0013F746 /* Debug */ = {
			isa = XCBuildConfiguration;
			buildSettings = {
				BUNDLE_LOADER = "$(TEST_HOST)";
				INFOPLIST_FILE = "Conversion Mobile AppTests/Info.plist";
				LD_RUNPATH_SEARCH_PATHS = "$(inherited) @executable_path/Frameworks @loader_path/Frameworks";
				PRODUCT_BUNDLE_IDENTIFIER = "CSCI3308ProjectTeam.Conversion-Mobile-AppTests";
				PRODUCT_NAME = "$(TARGET_NAME)";
				TEST_HOST = "$(BUILT_PRODUCTS_DIR)/Conversion Mobile App.app/Conversion Mobile App";
			};
			name = Debug;
		};
		A49C58931BCC781F0013F746 /* Release */ = {
			isa = XCBuildConfiguration;
			buildSettings = {
				BUNDLE_LOADER = "$(TEST_HOST)";
				INFOPLIST_FILE = "Conversion Mobile AppTests/Info.plist";
				LD_RUNPATH_SEARCH_PATHS = "$(inherited) @executable_path/Frameworks @loader_path/Frameworks";
				PRODUCT_BUNDLE_IDENTIFIER = "CSCI3308ProjectTeam.Conversion-Mobile-AppTests";
				PRODUCT_NAME = "$(TARGET_NAME)";
				TEST_HOST = "$(BUILT_PRODUCTS_DIR)/Conversion Mobile App.app/Conversion Mobile App";
			};
			name = Release;
		};
		A49C58951BCC781F0013F746 /* Debug */ = {
			isa = XCBuildConfiguration;
			buildSettings = {
				INFOPLIST_FILE = "Conversion Mobile AppUITests/Info.plist";
				LD_RUNPATH_SEARCH_PATHS = "$(inherited) @executable_path/Frameworks @loader_path/Frameworks";
				PRODUCT_BUNDLE_IDENTIFIER = "CSCI3308ProjectTeam.Conversion-Mobile-AppUITests";
				PRODUCT_NAME = "$(TARGET_NAME)";
				TEST_TARGET_NAME = "Conversion Mobile App";
				USES_XCTRUNNER = YES;
			};
			name = Debug;
		};
		A49C58961BCC781F0013F746 /* Release */ = {
			isa = XCBuildConfiguration;
			buildSettings = {
				INFOPLIST_FILE = "Conversion Mobile AppUITests/Info.plist";
				LD_RUNPATH_SEARCH_PATHS = "$(inherited) @executable_path/Frameworks @loader_path/Frameworks";
				PRODUCT_BUNDLE_IDENTIFIER = "CSCI3308ProjectTeam.Conversion-Mobile-AppUITests";
				PRODUCT_NAME = "$(TARGET_NAME)";
				TEST_TARGET_NAME = "Conversion Mobile App";
				USES_XCTRUNNER = YES;
			};
			name = Release;
		};
/* End XCBuildConfiguration section */

/* Begin XCConfigurationList section */
		A49C58611BCC781F0013F746 /* Build configuration list for PBXProject "Conversion Mobile App" */ = {
			isa = XCConfigurationList;
			buildConfigurations = (
				A49C588C1BCC781F0013F746 /* Debug */,
				A49C588D1BCC781F0013F746 /* Release */,
			);
			defaultConfigurationIsVisible = 0;
			defaultConfigurationName = Release;
		};
		A49C588E1BCC781F0013F746 /* Build configuration list for PBXNativeTarget "Conversion Mobile App" */ = {
			isa = XCConfigurationList;
			buildConfigurations = (
				A49C588F1BCC781F0013F746 /* Debug */,
				A49C58901BCC781F0013F746 /* Release */,
			);
			defaultConfigurationIsVisible = 0;
			defaultConfigurationName = Release;
		};
		A49C58911BCC781F0013F746 /* Build configuration list for PBXNativeTarget "Conversion Mobile AppTests" */ = {
			isa = XCConfigurationList;
			buildConfigurations = (
				A49C58921BCC781F0013F746 /* Debug */,
				A49C58931BCC781F0013F746 /* Release */,
			);
			defaultConfigurationIsVisible = 0;
			defaultConfigurationName = Release;
		};
		A49C58941BCC781F0013F746 /* Build configuration list for PBXNativeTarget "Conversion Mobile AppUITests" */ = {
			isa = XCConfigurationList;
			buildConfigurations = (
				A49C58951BCC781F0013F746 /* Debug */,
				A49C58961BCC781F0013F746 /* Release */,
			);
			defaultConfigurationIsVisible = 0;
			defaultConfigurationName = Release;
		};
/* End XCConfigurationList section */
	};
	rootObject = A49C585E1BCC781F0013F746 /* Project object */;
}
