// !$*UTF8*$!
{
	archiveVersion = 1;
	classes = {
	};
	objectVersion = 46;
	objects = {

/* Begin PBXBuildFile section */
		05B294861BFAE11A00980A7E /* ConverterViewController.m in Sources */ = {isa = PBXBuildFile; fileRef = 05B294851BFAE11A00980A7E /* ConverterViewController.m */; };
		05DD7CE61BED700400B90371 /* AppDelegate.swift in Sources */ = {isa = PBXBuildFile; fileRef = 05DD7CE51BED700400B90371 /* AppDelegate.swift */; };
		05DD7CE81BED700400B90371 /* ViewController.swift in Sources */ = {isa = PBXBuildFile; fileRef = 05DD7CE71BED700400B90371 /* ViewController.swift */; };
		05DD7CEB1BED700400B90371 /* Main.storyboard in Resources */ = {isa = PBXBuildFile; fileRef = 05DD7CE91BED700400B90371 /* Main.storyboard */; };
		05DD7CED1BED700400B90371 /* Assets.xcassets in Resources */ = {isa = PBXBuildFile; fileRef = 05DD7CEC1BED700400B90371 /* Assets.xcassets */; };
		05DD7CF01BED700400B90371 /* LaunchScreen.storyboard in Resources */ = {isa = PBXBuildFile; fileRef = 05DD7CEE1BED700400B90371 /* LaunchScreen.storyboard */; };
		05DD7CFB1BED700400B90371 /* ConversionApp2_0Tests.swift in Sources */ = {isa = PBXBuildFile; fileRef = 05DD7CFA1BED700400B90371 /* ConversionApp2_0Tests.swift */; };
		05DD7D061BED700400B90371 /* ConversionApp2_0UITests.swift in Sources */ = {isa = PBXBuildFile; fileRef = 05DD7D051BED700400B90371 /* ConversionApp2_0UITests.swift */; };
		05FC54301C05296500AB143C /* myData.db in Resources */ = {isa = PBXBuildFile; fileRef = 05FC542F1C05296500AB143C /* myData.db */; };
		05FC54321C052A3500AB143C /* libsqlite3.0.tbd in Frameworks */ = {isa = PBXBuildFile; fileRef = 05FC54311C052A3500AB143C /* libsqlite3.0.tbd */; };
/* End PBXBuildFile section */

/* Begin PBXContainerItemProxy section */
		05DD7CF71BED700400B90371 /* PBXContainerItemProxy */ = {
			isa = PBXContainerItemProxy;
			containerPortal = 05DD7CDA1BED700400B90371 /* Project object */;
			proxyType = 1;
			remoteGlobalIDString = 05DD7CE11BED700400B90371;
			remoteInfo = ConversionApp2.0;
		};
		05DD7D021BED700400B90371 /* PBXContainerItemProxy */ = {
			isa = PBXContainerItemProxy;
			containerPortal = 05DD7CDA1BED700400B90371 /* Project object */;
			proxyType = 1;
			remoteGlobalIDString = 05DD7CE11BED700400B90371;
			remoteInfo = ConversionApp2.0;
		};
/* End PBXContainerItemProxy section */

/* Begin PBXFileReference section */
		05B294831BFAE11900980A7E /* ConversionApp2.0-Bridging-Header.h */ = {isa = PBXFileReference; lastKnownFileType = sourcecode.c.h; path = "ConversionApp2.0-Bridging-Header.h"; sourceTree = "<group>"; };
		05B294841BFAE11A00980A7E /* ConverterViewController.h */ = {isa = PBXFileReference; fileEncoding = 4; lastKnownFileType = sourcecode.c.h; path = ConverterViewController.h; sourceTree = "<group>"; };
		05B294851BFAE11A00980A7E /* ConverterViewController.m */ = {isa = PBXFileReference; fileEncoding = 4; lastKnownFileType = sourcecode.c.objc; path = ConverterViewController.m; sourceTree = "<group>"; };
		05DD7CE21BED700400B90371 /* ConversionApp2.0.app */ = {isa = PBXFileReference; explicitFileType = wrapper.application; includeInIndex = 0; path = ConversionApp2.0.app; sourceTree = BUILT_PRODUCTS_DIR; };
		05DD7CE51BED700400B90371 /* AppDelegate.swift */ = {isa = PBXFileReference; lastKnownFileType = sourcecode.swift; path = AppDelegate.swift; sourceTree = "<group>"; };
		05DD7CE71BED700400B90371 /* ViewController.swift */ = {isa = PBXFileReference; lastKnownFileType = sourcecode.swift; path = ViewController.swift; sourceTree = "<group>"; };
		05DD7CEA1BED700400B90371 /* Base */ = {isa = PBXFileReference; lastKnownFileType = file.storyboard; name = Base; path = Base.lproj/Main.storyboard; sourceTree = "<group>"; };
		05DD7CEC1BED700400B90371 /* Assets.xcassets */ = {isa = PBXFileReference; lastKnownFileType = folder.assetcatalog; path = Assets.xcassets; sourceTree = "<group>"; };
		05DD7CEF1BED700400B90371 /* Base */ = {isa = PBXFileReference; lastKnownFileType = file.storyboard; name = Base; path = Base.lproj/LaunchScreen.storyboard; sourceTree = "<group>"; };
		05DD7CF11BED700400B90371 /* Info.plist */ = {isa = PBXFileReference; lastKnownFileType = text.plist.xml; path = Info.plist; sourceTree = "<group>"; };
		05DD7CF61BED700400B90371 /* ConversionApp2.0Tests.xctest */ = {isa = PBXFileReference; explicitFileType = wrapper.cfbundle; includeInIndex = 0; path = ConversionApp2.0Tests.xctest; sourceTree = BUILT_PRODUCTS_DIR; };
		05DD7CFA1BED700400B90371 /* ConversionApp2_0Tests.swift */ = {isa = PBXFileReference; lastKnownFileType = sourcecode.swift; path = ConversionApp2_0Tests.swift; sourceTree = "<group>"; };
		05DD7CFC1BED700400B90371 /* Info.plist */ = {isa = PBXFileReference; lastKnownFileType = text.plist.xml; path = Info.plist; sourceTree = "<group>"; };
		05DD7D011BED700400B90371 /* ConversionApp2.0UITests.xctest */ = {isa = PBXFileReference; explicitFileType = wrapper.cfbundle; includeInIndex = 0; path = ConversionApp2.0UITests.xctest; sourceTree = BUILT_PRODUCTS_DIR; };
		05DD7D051BED700400B90371 /* ConversionApp2_0UITests.swift */ = {isa = PBXFileReference; lastKnownFileType = sourcecode.swift; path = ConversionApp2_0UITests.swift; sourceTree = "<group>"; };
		05DD7D071BED700400B90371 /* Info.plist */ = {isa = PBXFileReference; lastKnownFileType = text.plist.xml; path = Info.plist; sourceTree = "<group>"; };
		05FC542F1C05296500AB143C /* myData.db */ = {isa = PBXFileReference; lastKnownFileType = file; path = myData.db; sourceTree = "<group>"; };
		05FC54311C052A3500AB143C /* libsqlite3.0.tbd */ = {isa = PBXFileReference; lastKnownFileType = "sourcecode.text-based-dylib-definition"; name = libsqlite3.0.tbd; path = usr/lib/libsqlite3.0.tbd; sourceTree = SDKROOT; };
/* End PBXFileReference section */

/* Begin PBXFrameworksBuildPhase section */
		05DD7CDF1BED700400B90371 /* Frameworks */ = {
			isa = PBXFrameworksBuildPhase;
			buildActionMask = 2147483647;
			files = (
				05FC54321C052A3500AB143C /* libsqlite3.0.tbd in Frameworks */,
			);
			runOnlyForDeploymentPostprocessing = 0;
		};
		05DD7CF31BED700400B90371 /* Frameworks */ = {
			isa = PBXFrameworksBuildPhase;
			buildActionMask = 2147483647;
			files = (
			);
			runOnlyForDeploymentPostprocessing = 0;
		};
		05DD7CFE1BED700400B90371 /* Frameworks */ = {
			isa = PBXFrameworksBuildPhase;
			buildActionMask = 2147483647;
			files = (
			);
			runOnlyForDeploymentPostprocessing = 0;
		};
/* End PBXFrameworksBuildPhase section */

/* Begin PBXGroup section */
		05DD7CD91BED700400B90371 = {
			isa = PBXGroup;
			children = (
				05FC54311C052A3500AB143C /* libsqlite3.0.tbd */,
				05DD7CE41BED700400B90371 /* ConversionApp2.0 */,
				05DD7CF91BED700400B90371 /* ConversionApp2.0Tests */,
				05DD7D041BED700400B90371 /* ConversionApp2.0UITests */,
				05DD7CE31BED700400B90371 /* Products */,
			);
			sourceTree = "<group>";
		};
		05DD7CE31BED700400B90371 /* Products */ = {
			isa = PBXGroup;
			children = (
				05DD7CE21BED700400B90371 /* ConversionApp2.0.app */,
				05DD7CF61BED700400B90371 /* ConversionApp2.0Tests.xctest */,
				05DD7D011BED700400B90371 /* ConversionApp2.0UITests.xctest */,
			);
			name = Products;
			sourceTree = "<group>";
		};
		05DD7CE41BED700400B90371 /* ConversionApp2.0 */ = {
			isa = PBXGroup;
			children = (
				05FC542F1C05296500AB143C /* myData.db */,
				05DD7CE51BED700400B90371 /* AppDelegate.swift */,
				05DD7CE71BED700400B90371 /* ViewController.swift */,
				05DD7CE91BED700400B90371 /* Main.storyboard */,
				05B294841BFAE11A00980A7E /* ConverterViewController.h */,
				05B294851BFAE11A00980A7E /* ConverterViewController.m */,
				05DD7CEC1BED700400B90371 /* Assets.xcassets */,
				05DD7CEE1BED700400B90371 /* LaunchScreen.storyboard */,
				05DD7CF11BED700400B90371 /* Info.plist */,
				05B294831BFAE11900980A7E /* ConversionApp2.0-Bridging-Header.h */,
			);
			path = ConversionApp2.0;
			sourceTree = "<group>";
		};
		05DD7CF91BED700400B90371 /* ConversionApp2.0Tests */ = {
			isa = PBXGroup;
			children = (
				05DD7CFA1BED700400B90371 /* ConversionApp2_0Tests.swift */,
				05DD7CFC1BED700400B90371 /* Info.plist */,
			);
			path = ConversionApp2.0Tests;
			sourceTree = "<group>";
		};
		05DD7D041BED700400B90371 /* ConversionApp2.0UITests */ = {
			isa = PBXGroup;
			children = (
				05DD7D051BED700400B90371 /* ConversionApp2_0UITests.swift */,
				05DD7D071BED700400B90371 /* Info.plist */,
			);
			path = ConversionApp2.0UITests;
			sourceTree = "<group>";
		};
/* End PBXGroup section */

/* Begin PBXNativeTarget section */
		05DD7CE11BED700400B90371 /* ConversionApp2.0 */ = {
			isa = PBXNativeTarget;
			buildConfigurationList = 05DD7D0A1BED700400B90371 /* Build configuration list for PBXNativeTarget "ConversionApp2.0" */;
			buildPhases = (
				05DD7CDE1BED700400B90371 /* Sources */,
				05DD7CDF1BED700400B90371 /* Frameworks */,
				05DD7CE01BED700400B90371 /* Resources */,
			);
			buildRules = (
			);
			dependencies = (
			);
			name = ConversionApp2.0;
			productName = ConversionApp2.0;
			productReference = 05DD7CE21BED700400B90371 /* ConversionApp2.0.app */;
			productType = "com.apple.product-type.application";
		};
		05DD7CF51BED700400B90371 /* ConversionApp2.0Tests */ = {
			isa = PBXNativeTarget;
			buildConfigurationList = 05DD7D0D1BED700400B90371 /* Build configuration list for PBXNativeTarget "ConversionApp2.0Tests" */;
			buildPhases = (
				05DD7CF21BED700400B90371 /* Sources */,
				05DD7CF31BED700400B90371 /* Frameworks */,
				05DD7CF41BED700400B90371 /* Resources */,
			);
			buildRules = (
			);
			dependencies = (
				05DD7CF81BED700400B90371 /* PBXTargetDependency */,
			);
			name = ConversionApp2.0Tests;
			productName = ConversionApp2.0Tests;
			productReference = 05DD7CF61BED700400B90371 /* ConversionApp2.0Tests.xctest */;
			productType = "com.apple.product-type.bundle.unit-test";
		};
		05DD7D001BED700400B90371 /* ConversionApp2.0UITests */ = {
			isa = PBXNativeTarget;
			buildConfigurationList = 05DD7D101BED700400B90371 /* Build configuration list for PBXNativeTarget "ConversionApp2.0UITests" */;
			buildPhases = (
				05DD7CFD1BED700400B90371 /* Sources */,
				05DD7CFE1BED700400B90371 /* Frameworks */,
				05DD7CFF1BED700400B90371 /* Resources */,
			);
			buildRules = (
			);
			dependencies = (
				05DD7D031BED700400B90371 /* PBXTargetDependency */,
			);
			name = ConversionApp2.0UITests;
			productName = ConversionApp2.0UITests;
			productReference = 05DD7D011BED700400B90371 /* ConversionApp2.0UITests.xctest */;
			productType = "com.apple.product-type.bundle.ui-testing";
		};
/* End PBXNativeTarget section */

/* Begin PBXProject section */
		05DD7CDA1BED700400B90371 /* Project object */ = {
			isa = PBXProject;
			attributes = {
				LastSwiftUpdateCheck = 0710;
				LastUpgradeCheck = 0700;
				ORGANIZATIONNAME = "Don't Let Your Teams Be Dreams";
				TargetAttributes = {
					05DD7CE11BED700400B90371 = {
						CreatedOnToolsVersion = 7.0.1;
						DevelopmentTeam = 737C4SHWL8;
					};
					05DD7CF51BED700400B90371 = {
						CreatedOnToolsVersion = 7.0.1;
						TestTargetID = 05DD7CE11BED700400B90371;
					};
					05DD7D001BED700400B90371 = {
						CreatedOnToolsVersion = 7.0.1;
						TestTargetID = 05DD7CE11BED700400B90371;
					};
				};
			};
			buildConfigurationList = 05DD7CDD1BED700400B90371 /* Build configuration list for PBXProject "ConversionApp2.0" */;
			compatibilityVersion = "Xcode 3.2";
			developmentRegion = English;
			hasScannedForEncodings = 0;
			knownRegions = (
				en,
				Base,
			);
			mainGroup = 05DD7CD91BED700400B90371;
			productRefGroup = 05DD7CE31BED700400B90371 /* Products */;
			projectDirPath = "";
			projectRoot = "";
			targets = (
				05DD7CE11BED700400B90371 /* ConversionApp2.0 */,
				05DD7CF51BED700400B90371 /* ConversionApp2.0Tests */,
				05DD7D001BED700400B90371 /* ConversionApp2.0UITests */,
			);
		};
/* End PBXProject section */

/* Begin PBXResourcesBuildPhase section */
		05DD7CE01BED700400B90371 /* Resources */ = {
			isa = PBXResourcesBuildPhase;
			buildActionMask = 2147483647;
			files = (
				05DD7CF01BED700400B90371 /* LaunchScreen.storyboard in Resources */,
				05FC54301C05296500AB143C /* myData.db in Resources */,
				05DD7CED1BED700400B90371 /* Assets.xcassets in Resources */,
				05DD7CEB1BED700400B90371 /* Main.storyboard in Resources */,
			);
			runOnlyForDeploymentPostprocessing = 0;
		};
		05DD7CF41BED700400B90371 /* Resources */ = {
			isa = PBXResourcesBuildPhase;
			buildActionMask = 2147483647;
			files = (
			);
			runOnlyForDeploymentPostprocessing = 0;
		};
		05DD7CFF1BED700400B90371 /* Resources */ = {
			isa = PBXResourcesBuildPhase;
			buildActionMask = 2147483647;
			files = (
			);
			runOnlyForDeploymentPostprocessing = 0;
		};
/* End PBXResourcesBuildPhase section */

/* Begin PBXSourcesBuildPhase section */
		05DD7CDE1BED700400B90371 /* Sources */ = {
			isa = PBXSourcesBuildPhase;
			buildActionMask = 2147483647;
			files = (
				05B294861BFAE11A00980A7E /* ConverterViewController.m in Sources */,
				05DD7CE81BED700400B90371 /* ViewController.swift in Sources */,
				05DD7CE61BED700400B90371 /* AppDelegate.swift in Sources */,
			);
			runOnlyForDeploymentPostprocessing = 0;
		};
		05DD7CF21BED700400B90371 /* Sources */ = {
			isa = PBXSourcesBuildPhase;
			buildActionMask = 2147483647;
			files = (
				05DD7CFB1BED700400B90371 /* ConversionApp2_0Tests.swift in Sources */,
			);
			runOnlyForDeploymentPostprocessing = 0;
		};
		05DD7CFD1BED700400B90371 /* Sources */ = {
			isa = PBXSourcesBuildPhase;
			buildActionMask = 2147483647;
			files = (
				05DD7D061BED700400B90371 /* ConversionApp2_0UITests.swift in Sources */,
			);
			runOnlyForDeploymentPostprocessing = 0;
		};
/* End PBXSourcesBuildPhase section */

/* Begin PBXTargetDependency section */
		05DD7CF81BED700400B90371 /* PBXTargetDependency */ = {
			isa = PBXTargetDependency;
			target = 05DD7CE11BED700400B90371 /* ConversionApp2.0 */;
			targetProxy = 05DD7CF71BED700400B90371 /* PBXContainerItemProxy */;
		};
		05DD7D031BED700400B90371 /* PBXTargetDependency */ = {
			isa = PBXTargetDependency;
			target = 05DD7CE11BED700400B90371 /* ConversionApp2.0 */;
			targetProxy = 05DD7D021BED700400B90371 /* PBXContainerItemProxy */;
		};
/* End PBXTargetDependency section */

/* Begin PBXVariantGroup section */
		05DD7CE91BED700400B90371 /* Main.storyboard */ = {
			isa = PBXVariantGroup;
			children = (
				05DD7CEA1BED700400B90371 /* Base */,
			);
			name = Main.storyboard;
			sourceTree = "<group>";
		};
		05DD7CEE1BED700400B90371 /* LaunchScreen.storyboard */ = {
			isa = PBXVariantGroup;
			children = (
				05DD7CEF1BED700400B90371 /* Base */,
			);
			name = LaunchScreen.storyboard;
			sourceTree = "<group>";
		};
/* End PBXVariantGroup section */

/* Begin XCBuildConfiguration section */
		05DD7D081BED700400B90371 /* Debug */ = {
			isa = XCBuildConfiguration;
			buildSettings = {
				ALWAYS_SEARCH_USER_PATHS = NO;
				CLANG_CXX_LANGUAGE_STANDARD = "gnu++0x";
				CLANG_CXX_LIBRARY = "libc++";
				CLANG_ENABLE_MODULES = YES;
				CLANG_ENABLE_OBJC_ARC = YES;
				CLANG_WARN_BOOL_CONVERSION = YES;
				CLANG_WARN_CONSTANT_CONVERSION = YES;
				CLANG_WARN_DIRECT_OBJC_ISA_USAGE = YES_ERROR;
				CLANG_WARN_EMPTY_BODY = YES;
				CLANG_WARN_ENUM_CONVERSION = YES;
				CLANG_WARN_INT_CONVERSION = YES;
				CLANG_WARN_OBJC_ROOT_CLASS = YES_ERROR;
				CLANG_WARN_UNREACHABLE_CODE = YES;
				CLANG_WARN__DUPLICATE_METHOD_MATCH = YES;
				"CODE_SIGN_IDENTITY[sdk=iphoneos*]" = "iPhone Developer";
				COPY_PHASE_STRIP = NO;
				DEBUG_INFORMATION_FORMAT = dwarf;
				ENABLE_STRICT_OBJC_MSGSEND = YES;
				ENABLE_TESTABILITY = YES;
				GCC_C_LANGUAGE_STANDARD = gnu99;
				GCC_DYNAMIC_NO_PIC = NO;
				GCC_NO_COMMON_BLOCKS = YES;
				GCC_OPTIMIZATION_LEVEL = 0;
				GCC_PREPROCESSOR_DEFINITIONS = (
					"DEBUG=1",
					"$(inherited)",
				);
				GCC_WARN_64_TO_32_BIT_CONVERSION = YES;
				GCC_WARN_ABOUT_RETURN_TYPE = YES_ERROR;
				GCC_WARN_UNDECLARED_SELECTOR = YES;
				GCC_WARN_UNINITIALIZED_AUTOS = YES_AGGRESSIVE;
				GCC_WARN_UNUSED_FUNCTION = YES;
				GCC_WARN_UNUSED_VARIABLE = YES;
				IPHONEOS_DEPLOYMENT_TARGET = 9.0;
				MTL_ENABLE_DEBUG_INFO = YES;
				ONLY_ACTIVE_ARCH = YES;
				SDKROOT = iphoneos;
				SWIFT_OPTIMIZATION_LEVEL = "-Onone";
			};
			name = Debug;
		};
		05DD7D091BED700400B90371 /* Release */ = {
			isa = XCBuildConfiguration;
			buildSettings = {
				ALWAYS_SEARCH_USER_PATHS = NO;
				CLANG_CXX_LANGUAGE_STANDARD = "gnu++0x";
				CLANG_CXX_LIBRARY = "libc++";
				CLANG_ENABLE_MODULES = YES;
				CLANG_ENABLE_OBJC_ARC = YES;
				CLANG_WARN_BOOL_CONVERSION = YES;
				CLANG_WARN_CONSTANT_CONVERSION = YES;
				CLANG_WARN_DIRECT_OBJC_ISA_USAGE = YES_ERROR;
				CLANG_WARN_EMPTY_BODY = YES;
				CLANG_WARN_ENUM_CONVERSION = YES;
				CLANG_WARN_INT_CONVERSION = YES;
				CLANG_WARN_OBJC_ROOT_CLASS = YES_ERROR;
				CLANG_WARN_UNREACHABLE_CODE = YES;
				CLANG_WARN__DUPLICATE_METHOD_MATCH = YES;
				"CODE_SIGN_IDENTITY[sdk=iphoneos*]" = "iPhone Developer";
				COPY_PHASE_STRIP = NO;
				DEBUG_INFORMATION_FORMAT = "dwarf-with-dsym";
				ENABLE_NS_ASSERTIONS = NO;
				ENABLE_STRICT_OBJC_MSGSEND = YES;
				GCC_C_LANGUAGE_STANDARD = gnu99;
				GCC_NO_COMMON_BLOCKS = YES;
				GCC_WARN_64_TO_32_BIT_CONVERSION = YES;
				GCC_WARN_ABOUT_RETURN_TYPE = YES_ERROR;
				GCC_WARN_UNDECLARED_SELECTOR = YES;
				GCC_WARN_UNINITIALIZED_AUTOS = YES_AGGRESSIVE;
				GCC_WARN_UNUSED_FUNCTION = YES;
				GCC_WARN_UNUSED_VARIABLE = YES;
				IPHONEOS_DEPLOYMENT_TARGET = 9.0;
				MTL_ENABLE_DEBUG_INFO = NO;
				SDKROOT = iphoneos;
				VALIDATE_PRODUCT = YES;
			};
			name = Release;
		};
		05DD7D0B1BED700400B90371 /* Debug */ = {
			isa = XCBuildConfiguration;
			buildSettings = {
				ASSETCATALOG_COMPILER_APPICON_NAME = AppIcon;
				CLANG_ENABLE_MODULES = YES;
				CODE_SIGN_IDENTITY = "iPhone Developer";
				"CODE_SIGN_IDENTITY[sdk=iphoneos*]" = "iPhone Developer";
				INFOPLIST_FILE = ConversionApp2.0/Info.plist;
				IPHONEOS_DEPLOYMENT_TARGET = 8.1;
				LD_RUNPATH_SEARCH_PATHS = "$(inherited) @executable_path/Frameworks";
				PRODUCT_BUNDLE_IDENTIFIER = "CSCIProjectTeam.Conversion-Mobile-App";
				PRODUCT_NAME = "$(TARGET_NAME)";
				PROVISIONING_PROFILE = "";
				SWIFT_OBJC_BRIDGING_HEADER = "ConversionApp2.0/ConversionApp2.0-Bridging-Header.h";
				SWIFT_OPTIMIZATION_LEVEL = "-Onone";
				TARGETED_DEVICE_FAMILY = 1;
			};
			name = Debug;
		};
		05DD7D0C1BED700400B90371 /* Release */ = {
			isa = XCBuildConfiguration;
			buildSettings = {
				ASSETCATALOG_COMPILER_APPICON_NAME = AppIcon;
				CLANG_ENABLE_MODULES = YES;
				CODE_SIGN_IDENTITY = "iPhone Developer";
				"CODE_SIGN_IDENTITY[sdk=iphoneos*]" = "iPhone Developer";
				INFOPLIST_FILE = ConversionApp2.0/Info.plist;
				IPHONEOS_DEPLOYMENT_TARGET = 8.1;
				LD_RUNPATH_SEARCH_PATHS = "$(inherited) @executable_path/Frameworks";
				PRODUCT_BUNDLE_IDENTIFIER = "CSCIProjectTeam.Conversion-Mobile-App";
				PRODUCT_NAME = "$(TARGET_NAME)";
				PROVISIONING_PROFILE = "";
				SWIFT_OBJC_BRIDGING_HEADER = "ConversionApp2.0/ConversionApp2.0-Bridging-Header.h";
				TARGETED_DEVICE_FAMILY = 1;
			};
			name = Release;
		};
		05DD7D0E1BED700400B90371 /* Debug */ = {
			isa = XCBuildConfiguration;
			buildSettings = {
				BUNDLE_LOADER = "$(TEST_HOST)";
				INFOPLIST_FILE = ConversionApp2.0Tests/Info.plist;
				LD_RUNPATH_SEARCH_PATHS = "$(inherited) @executable_path/Frameworks @loader_path/Frameworks";
				PRODUCT_BUNDLE_IDENTIFIER = "CSC160.ConversionApp2-0Tests";
				PRODUCT_NAME = "$(TARGET_NAME)";
				TEST_HOST = "$(BUILT_PRODUCTS_DIR)/ConversionApp2.0.app/ConversionApp2.0";
			};
			name = Debug;
		};
		05DD7D0F1BED700400B90371 /* Release */ = {
			isa = XCBuildConfiguration;
			buildSettings = {
				BUNDLE_LOADER = "$(TEST_HOST)";
				INFOPLIST_FILE = ConversionApp2.0Tests/Info.plist;
				LD_RUNPATH_SEARCH_PATHS = "$(inherited) @executable_path/Frameworks @loader_path/Frameworks";
				PRODUCT_BUNDLE_IDENTIFIER = "CSC160.ConversionApp2-0Tests";
				PRODUCT_NAME = "$(TARGET_NAME)";
				TEST_HOST = "$(BUILT_PRODUCTS_DIR)/ConversionApp2.0.app/ConversionApp2.0";
			};
			name = Release;
		};
		05DD7D111BED700400B90371 /* Debug */ = {
			isa = XCBuildConfiguration;
			buildSettings = {
				INFOPLIST_FILE = ConversionApp2.0UITests/Info.plist;
				LD_RUNPATH_SEARCH_PATHS = "$(inherited) @executable_path/Frameworks @loader_path/Frameworks";
				PRODUCT_BUNDLE_IDENTIFIER = "CSC160.ConversionApp2-0UITests";
				PRODUCT_NAME = "$(TARGET_NAME)";
				TEST_TARGET_NAME = ConversionApp2.0;
				USES_XCTRUNNER = YES;
			};
			name = Debug;
		};
		05DD7D121BED700400B90371 /* Release */ = {
			isa = XCBuildConfiguration;
			buildSettings = {
				INFOPLIST_FILE = ConversionApp2.0UITests/Info.plist;
				LD_RUNPATH_SEARCH_PATHS = "$(inherited) @executable_path/Frameworks @loader_path/Frameworks";
				PRODUCT_BUNDLE_IDENTIFIER = "CSC160.ConversionApp2-0UITests";
				PRODUCT_NAME = "$(TARGET_NAME)";
				TEST_TARGET_NAME = ConversionApp2.0;
				USES_XCTRUNNER = YES;
			};
			name = Release;
		};
/* End XCBuildConfiguration section */

/* Begin XCConfigurationList section */
		05DD7CDD1BED700400B90371 /* Build configuration list for PBXProject "ConversionApp2.0" */ = {
			isa = XCConfigurationList;
			buildConfigurations = (
				05DD7D081BED700400B90371 /* Debug */,
				05DD7D091BED700400B90371 /* Release */,
			);
			defaultConfigurationIsVisible = 0;
			defaultConfigurationName = Release;
		};
		05DD7D0A1BED700400B90371 /* Build configuration list for PBXNativeTarget "ConversionApp2.0" */ = {
			isa = XCConfigurationList;
			buildConfigurations = (
				05DD7D0B1BED700400B90371 /* Debug */,
				05DD7D0C1BED700400B90371 /* Release */,
			);
			defaultConfigurationIsVisible = 0;
			defaultConfigurationName = Release;
		};
		05DD7D0D1BED700400B90371 /* Build configuration list for PBXNativeTarget "ConversionApp2.0Tests" */ = {
			isa = XCConfigurationList;
			buildConfigurations = (
				05DD7D0E1BED700400B90371 /* Debug */,
				05DD7D0F1BED700400B90371 /* Release */,
			);
			defaultConfigurationIsVisible = 0;
			defaultConfigurationName = Release;
		};
		05DD7D101BED700400B90371 /* Build configuration list for PBXNativeTarget "ConversionApp2.0UITests" */ = {
			isa = XCConfigurationList;
			buildConfigurations = (
				05DD7D111BED700400B90371 /* Debug */,
				05DD7D121BED700400B90371 /* Release */,
			);
			defaultConfigurationIsVisible = 0;
			defaultConfigurationName = Release;
		};
/* End XCConfigurationList section */
	};
	rootObject = 05DD7CDA1BED700400B90371 /* Project object */;
}
